<?xml version="1.0" encoding="utf-8"?>
<Project ToolsVersion="4.0" xmlns="http://schemas.microsoft.com/developer/msbuild/2003">
  <ItemGroup>
    <Filter Include="Source Files">
      <UniqueIdentifier>{4FC737F1-C7A5-4376-A066-2A32D752A2FF}</UniqueIdentifier>
      <Extensions>cpp;c;cc;cxx;def;odl;idl;hpj;bat;asm;asmx</Extensions>
    </Filter>
    <Filter Include="Header Files">
      <UniqueIdentifier>{93995380-89BD-4b04-88EB-625FBE52EBFB}</UniqueIdentifier>
      <Extensions>h;hh;hpp;hxx;hm;inl;inc;ipp;xsd</Extensions>
    </Filter>
    <Filter Include="Resource Files">
      <UniqueIdentifier>{67DA6AB6-F800-4c08-8B7A-83BB121AAD01}</UniqueIdentifier>
      <Extensions>rc;ico;cur;bmp;dlg;rc2;rct;bin;rgs;gif;jpg;jpeg;jpe;resx;tiff;tif;png;wav;mfcribbon-ms</Extensions>
    </Filter>
    <Filter Include="Header Files\view">
      <UniqueIdentifier>{f697d76d-565b-4ef3-8173-6457e2611b18}</UniqueIdentifier>
    </Filter>
    <Filter Include="Source Files\view">
      <UniqueIdentifier>{c4a291be-f8ad-44f1-8b7a-e180b91c24b3}</UniqueIdentifier>
    </Filter>
    <Filter Include="Header Files\model">
      <UniqueIdentifier>{e9effab8-4c46-418a-93fd-f9c8aaa99395}</UniqueIdentifier>
    </Filter>
    <Filter Include="Header Files\model\files">
      <UniqueIdentifier>{b6f9a694-2dec-4637-8ffc-94d17dcde4f8}</UniqueIdentifier>
    </Filter>
    <Filter Include="Header Files\app">
      <UniqueIdentifier>{2b699c4f-5c1f-4bbb-9a59-c3aacdef9463}</UniqueIdentifier>
    </Filter>
  </ItemGroup>
  <ItemGroup>
    <ClInclude Include="stdafx.h">
      <Filter>Header Files</Filter>
    </ClInclude>
    <ClInclude Include="targetver.h">
      <Filter>Header Files</Filter>
    </ClInclude>
    <ClInclude Include="Resource.h">
      <Filter>Header Files</Filter>
    </ClInclude>
    <ClInclude Include="SoundView.h">
      <Filter>Header Files</Filter>
    </ClInclude>
    <ClInclude Include="WavFile.h">
      <Filter>Header Files\model\files</Filter>
    </ClInclude>
    <ClInclude Include="WavHead.h">
      <Filter>Header Files\model\files</Filter>
    </ClInclude>
    <ClInclude Include="FileNotAssignedException.h">
      <Filter>Header Files\model\files</Filter>
    </ClInclude>
    <ClInclude Include="MainLoop.h">
      <Filter>Header Files\app</Filter>
    </ClInclude>
  </ItemGroup>
  <ItemGroup>
    <ClCompile Include="stdafx.cpp">
      <Filter>Source Files</Filter>
    </ClCompile>
    <ClCompile Include="SoundView.cpp">
      <Filter>Source Files</Filter>
    </ClCompile>
    <ClCompile Include="WavFile.cpp">
      <Filter>Source Files</Filter>
    </ClCompile>
    <ClCompile Include="WavHead.cpp">
      <Filter>Source Files</Filter>
    </ClCompile>
    <ClCompile Include="MainLoop.cpp">
      <Filter>Source Files</Filter>
    </ClCompile>
  </ItemGroup>
  <ItemGroup>
    <ResourceCompile Include="SoundView.rc">
      <Filter>Resource Files</Filter>
    </ResourceCompile>
  </ItemGroup>
  <ItemGroup>
    <Image Include="small.ico">
      <Filter>Resource Files</Filter>
    </Image>
    <Image Include="SoundView.ico">
      <Filter>Resource Files</Filter>
    </Image>
  </ItemGroup>
</Project>